
Microsoft Visual Studio Solution File, Format Version 12.00
# Visual Studio Version 17
VisualStudioVersion = 17.9.34723.18
MinimumVisualStudioVersion = 10.0.40219.1
Project("{FAE04EC0-301F-11D3-BF4B-00C04F79EFBC}") = "backend", "backend\backend.csproj", "{1C54C693-9057-4280-9928-4CB7C2DCBDC3}"
EndProject
Global
	GlobalSection(SolutionConfigurationPlatforms) = preSolution
		Debug|Any CPU = Debug|Any CPU
		Release|Any CPU = Release|Any CPU
	EndGlobalSection
	GlobalSection(ProjectConfigurationPlatforms) = postSolution
		{1C54C693-9057-4280-9928-4CB7C2DCBDC3}.Debug|Any CPU.ActiveCfg = Debug|Any CPU
		{1C54C693-9057-4280-9928-4CB7C2DCBDC3}.Debug|Any CPU.Build.0 = Debug|Any CPU
		{1C54C693-9057-4280-9928-4CB7C2DCBDC3}.Release|Any CPU.ActiveCfg = Release|Any CPU
		{1C54C693-9057-4280-9928-4CB7C2DCBDC3}.Release|Any CPU.Build.0 = Release|Any CPU
	EndGlobalSection
	GlobalSection(SolutionProperties) = preSolution
		HideSolutionNode = FALSE
	EndGlobalSection
	GlobalSection(ExtensibilityGlobals) = postSolution
		SolutionGuid = {6A9577D9-5C9D-406C-911E-892650845E0A}
	EndGlobalSection
EndGlobal
